
Microsoft Visual Studio Solution File, Format Version 12.00
# Visual Studio Version 16
VisualStudioVersion = 16.0.31702.278
MinimumVisualStudioVersion = 10.0.40219.1
Project("{FAE04EC0-301F-11D3-BF4B-00C04F79EFBC}") = "GraphQlProject", "GraphQlProject.csproj", "{57C41D90-CC05-4E8F-81A2-D2B36E76FD58}"
EndProject
Global
	GlobalSection(SolutionConfigurationPlatforms) = preSolution
		Debug|Any CPU = Debug|Any CPU
		Release|Any CPU = Release|Any CPU
	EndGlobalSection
	GlobalSection(ProjectConfigurationPlatforms) = postSolution
		{57C41D90-CC05-4E8F-81A2-D2B36E76FD58}.Debug|Any CPU.ActiveCfg = Debug|Any CPU
		{57C41D90-CC05-4E8F-81A2-D2B36E76FD58}.Debug|Any CPU.Build.0 = Debug|Any CPU
		{57C41D90-CC05-4E8F-81A2-D2B36E76FD58}.Release|Any CPU.ActiveCfg = Release|Any CPU
		{57C41D90-CC05-4E8F-81A2-D2B36E76FD58}.Release|Any CPU.Build.0 = Release|Any CPU
	EndGlobalSection
	GlobalSection(SolutionProperties) = preSolution
		HideSolutionNode = FALSE
	EndGlobalSection
	GlobalSection(ExtensibilityGlobals) = postSolution
		SolutionGuid = {7C1B7491-6341-4A2A-A86C-38EAF3B60914}
	EndGlobalSection
EndGlobal
